
Microsoft Visual Studio Solution File, Format Version 12.00
# Visual Studio Version 17
VisualStudioVersion = 17.8.34511.84
MinimumVisualStudioVersion = 10.0.40219.1
Project("{FAE04EC0-301F-11D3-BF4B-00C04F79EFBC}") = "C#", "C#\C#.csproj", "{84C22A35-96C9-4C63-B333-1E92FB876B12}"
EndProject
Global
	GlobalSection(SolutionConfigurationPlatforms) = preSolution
		Debug|Any CPU = Debug|Any CPU
		Release|Any CPU = Release|Any CPU
	EndGlobalSection
	GlobalSection(ProjectConfigurationPlatforms) = postSolution
		{84C22A35-96C9-4C63-B333-1E92FB876B12}.Debug|Any CPU.ActiveCfg = Debug|Any CPU
		{84C22A35-96C9-4C63-B333-1E92FB876B12}.Debug|Any CPU.Build.0 = Debug|Any CPU
		{84C22A35-96C9-4C63-B333-1E92FB876B12}.Release|Any CPU.ActiveCfg = Release|Any CPU
		{84C22A35-96C9-4C63-B333-1E92FB876B12}.Release|Any CPU.Build.0 = Release|Any CPU
	EndGlobalSection
	GlobalSection(SolutionProperties) = preSolution
		HideSolutionNode = FALSE
	EndGlobalSection
	GlobalSection(ExtensibilityGlobals) = postSolution
		SolutionGuid = {F5F5E440-955D-45BD-BFA8-659667FB7853}
	EndGlobalSection
EndGlobal
